
Microsoft Visual Studio Solution File, Format Version 12.00
# Visual Studio Version 16
VisualStudioVersion = 16.0.31729.503
MinimumVisualStudioVersion = 10.0.40219.1
Project("{FAE04EC0-301F-11D3-BF4B-00C04F79EFBC}") = "VidlyRental", "VidlyRental.csproj", "{40508EC9-DD63-47CC-A184-FCD734E87859}"
EndProject
Global
	GlobalSection(SolutionConfigurationPlatforms) = preSolution
		Debug|Any CPU = Debug|Any CPU
		Release|Any CPU = Release|Any CPU
	EndGlobalSection
	GlobalSection(ProjectConfigurationPlatforms) = postSolution
		{40508EC9-DD63-47CC-A184-FCD734E87859}.Debug|Any CPU.ActiveCfg = Debug|Any CPU
		{40508EC9-DD63-47CC-A184-FCD734E87859}.Debug|Any CPU.Build.0 = Debug|Any CPU
		{40508EC9-DD63-47CC-A184-FCD734E87859}.Release|Any CPU.ActiveCfg = Release|Any CPU
		{40508EC9-DD63-47CC-A184-FCD734E87859}.Release|Any CPU.Build.0 = Release|Any CPU
	EndGlobalSection
	GlobalSection(SolutionProperties) = preSolution
		HideSolutionNode = FALSE
	EndGlobalSection
	GlobalSection(ExtensibilityGlobals) = postSolution
		SolutionGuid = {C2D595FB-1151-4D9E-BECC-5E3CCD4D27A5}
	EndGlobalSection
EndGlobal
